// !$*UTF8*$!
{
	archiveVersion = 1;
	classes = {
	};
	objectVersion = 48;
	objects = {

/* Begin PBXBuildFile section */
		7753C9D6204E036900BCAF0D /* AppDelegate.swift in Sources */ = {isa = PBXBuildFile; fileRef = 7753C9D5204E036900BCAF0D /* AppDelegate.swift */; };
		7753C9D8204E036900BCAF0D /* ViewController.swift in Sources */ = {isa = PBXBuildFile; fileRef = 7753C9D7204E036900BCAF0D /* ViewController.swift */; };
		7753C9DB204E036900BCAF0D /* Main.storyboard in Resources */ = {isa = PBXBuildFile; fileRef = 7753C9D9204E036900BCAF0D /* Main.storyboard */; };
		7753C9DD204E036900BCAF0D /* Assets.xcassets in Resources */ = {isa = PBXBuildFile; fileRef = 7753C9DC204E036900BCAF0D /* Assets.xcassets */; };
		7753C9E0204E036900BCAF0D /* LaunchScreen.storyboard in Resources */ = {isa = PBXBuildFile; fileRef = 7753C9DE204E036900BCAF0D /* LaunchScreen.storyboard */; };
		8EEC242A209148E200285A42 /* Localizable.strings in Resources */ = {isa = PBXBuildFile; fileRef = 8EEC242C209148E200285A42 /* Localizable.strings */; };
/* End PBXBuildFile section */

/* Begin PBXFileReference section */
		7753C9D2204E036900BCAF0D /* Sample-Localization.app */ = {isa = PBXFileReference; explicitFileType = wrapper.application; includeInIndex = 0; path = "Sample-Localization.app"; sourceTree = BUILT_PRODUCTS_DIR; };
		7753C9D5204E036900BCAF0D /* AppDelegate.swift */ = {isa = PBXFileReference; lastKnownFileType = sourcecode.swift; path = AppDelegate.swift; sourceTree = "<group>"; };
		7753C9D7204E036900BCAF0D /* ViewController.swift */ = {isa = PBXFileReference; lastKnownFileType = sourcecode.swift; path = ViewController.swift; sourceTree = "<group>"; };
		7753C9DA204E036900BCAF0D /* Base */ = {isa = PBXFileReference; lastKnownFileType = file.storyboard; name = Base; path = Base.lproj/Main.storyboard; sourceTree = "<group>"; };
		7753C9DC204E036900BCAF0D /* Assets.xcassets */ = {isa = PBXFileReference; lastKnownFileType = folder.assetcatalog; path = Assets.xcassets; sourceTree = "<group>"; };
		7753C9DF204E036900BCAF0D /* Base */ = {isa = PBXFileReference; lastKnownFileType = file.storyboard; name = Base; path = Base.lproj/LaunchScreen.storyboard; sourceTree = "<group>"; };
		7753C9E1204E036900BCAF0D /* Info.plist */ = {isa = PBXFileReference; lastKnownFileType = text.plist.xml; path = Info.plist; sourceTree = "<group>"; };
		8E07089A2092FC97004BF8D3 /* Location.gpx */ = {isa = PBXFileReference; lastKnownFileType = text.xml; path = Location.gpx; sourceTree = "<group>"; };
		8EEC2428209147DB00285A42 /* pt-BR */ = {isa = PBXFileReference; lastKnownFileType = text.plist.strings; name = "pt-BR"; path = "pt-BR.lproj/Main.strings"; sourceTree = "<group>"; };
		8EEC2429209147DB00285A42 /* pt-BR */ = {isa = PBXFileReference; lastKnownFileType = text.plist.strings; name = "pt-BR"; path = "pt-BR.lproj/LaunchScreen.strings"; sourceTree = "<group>"; };
		8EEC242B209148E200285A42 /* en */ = {isa = PBXFileReference; lastKnownFileType = text.plist.strings; name = en; path = en.lproj/Localizable.strings; sourceTree = "<group>"; };
		8EEC242D209148E600285A42 /* pt-BR */ = {isa = PBXFileReference; lastKnownFileType = text.plist.strings; name = "pt-BR"; path = "pt-BR.lproj/Localizable.strings"; sourceTree = "<group>"; };
/* End PBXFileReference section */

/* Begin PBXFrameworksBuildPhase section */
		7753C9CF204E036900BCAF0D /* Frameworks */ = {
			isa = PBXFrameworksBuildPhase;
			buildActionMask = 2147483647;
			files = (
			);
			runOnlyForDeploymentPostprocessing = 0;
		};
/* End PBXFrameworksBuildPhase section */

/* Begin PBXGroup section */
		7753C9C9204E036900BCAF0D = {
			isa = PBXGroup;
			children = (
				7753C9D4204E036900BCAF0D /* Sample-Localization */,
				7753C9D3204E036900BCAF0D /* Products */,
			);
			sourceTree = "<group>";
		};
		7753C9D3204E036900BCAF0D /* Products */ = {
			isa = PBXGroup;
			children = (
				7753C9D2204E036900BCAF0D /* Sample-Localization.app */,
			);
			name = Products;
			sourceTree = "<group>";
		};
		7753C9D4204E036900BCAF0D /* Sample-Localization */ = {
			isa = PBXGroup;
			children = (
				7753C9D5204E036900BCAF0D /* AppDelegate.swift */,
				7753C9D7204E036900BCAF0D /* ViewController.swift */,
				7753C9D9204E036900BCAF0D /* Main.storyboard */,
				7753C9DC204E036900BCAF0D /* Assets.xcassets */,
				7753C9DE204E036900BCAF0D /* LaunchScreen.storyboard */,
				7753C9E1204E036900BCAF0D /* Info.plist */,
				8EEC242C209148E200285A42 /* Localizable.strings */,
				8E07089A2092FC97004BF8D3 /* Location.gpx */,
			);
			path = "Sample-Localization";
			sourceTree = "<group>";
		};
/* End PBXGroup section */

/* Begin PBXNativeTarget section */
		7753C9D1204E036900BCAF0D /* Sample-Localization */ = {
			isa = PBXNativeTarget;
			buildConfigurationList = 7753C9E4204E036900BCAF0D /* Build configuration list for PBXNativeTarget "Sample-Localization" */;
			buildPhases = (
				7753C9CE204E036900BCAF0D /* Sources */,
				7753C9CF204E036900BCAF0D /* Frameworks */,
				7753C9D0204E036900BCAF0D /* Resources */,
			);
			buildRules = (
			);
			dependencies = (
			);
			name = "Sample-Localization";
			productName = "Sample-Localization";
			productReference = 7753C9D2204E036900BCAF0D /* Sample-Localization.app */;
			productType = "com.apple.product-type.application";
		};
/* End PBXNativeTarget section */

/* Begin PBXProject section */
		7753C9CA204E036900BCAF0D /* Project object */ = {
			isa = PBXProject;
			attributes = {
				LastSwiftUpdateCheck = 0920;
				LastUpgradeCheck = 0920;
				ORGANIZATIONNAME = "Ronaldo Gomes";
				TargetAttributes = {
					7753C9D1204E036900BCAF0D = {
						CreatedOnToolsVersion = 9.2;
						ProvisioningStyle = Automatic;
					};
				};
			};
			buildConfigurationList = 7753C9CD204E036900BCAF0D /* Build configuration list for PBXProject "Sample-Localization" */;
			compatibilityVersion = "Xcode 8.0";
			developmentRegion = en;
			hasScannedForEncodings = 0;
			knownRegions = (
				en,
				Base,
				"pt-BR",
			);
			mainGroup = 7753C9C9204E036900BCAF0D;
			productRefGroup = 7753C9D3204E036900BCAF0D /* Products */;
			projectDirPath = "";
			projectRoot = "";
			targets = (
				7753C9D1204E036900BCAF0D /* Sample-Localization */,
			);
		};
/* End PBXProject section */

/* Begin PBXResourcesBuildPhase section */
		7753C9D0204E036900BCAF0D /* Resources */ = {
			isa = PBXResourcesBuildPhase;
			buildActionMask = 2147483647;
			files = (
				7753C9E0204E036900BCAF0D /* LaunchScreen.storyboard in Resources */,
				8EEC242A209148E200285A42 /* Localizable.strings in Resources */,
				7753C9DD204E036900BCAF0D /* Assets.xcassets in Resources */,
				7753C9DB204E036900BCAF0D /* Main.storyboard in Resources */,
			);
			runOnlyForDeploymentPostprocessing = 0;
		};
/* End PBXResourcesBuildPhase section */

/* Begin PBXSourcesBuildPhase section */
		7753C9CE204E036900BCAF0D /* Sources */ = {
			isa = PBXSourcesBuildPhase;
			buildActionMask = 2147483647;
			files = (
				7753C9D8204E036900BCAF0D /* ViewController.swift in Sources */,
				7753C9D6204E036900BCAF0D /* AppDelegate.swift in Sources */,
			);
			runOnlyForDeploymentPostprocessing = 0;
		};
/* End PBXSourcesBuildPhase section */

/* Begin PBXVariantGroup section */
		7753C9D9204E036900BCAF0D /* Main.storyboard */ = {
			isa = PBXVariantGroup;
			children = (
				7753C9DA204E036900BCAF0D /* Base */,
				8EEC2428209147DB00285A42 /* pt-BR */,
			);
			name = Main.storyboard;
			sourceTree = "<group>";
		};
		7753C9DE204E036900BCAF0D /* LaunchScreen.storyboard */ = {
			isa = PBXVariantGroup;
			children = (
				7753C9DF204E036900BCAF0D /* Base */,
				8EEC2429209147DB00285A42 /* pt-BR */,
			);
			name = LaunchScreen.storyboard;
			sourceTree = "<group>";
		};
		8EEC242C209148E200285A42 /* Localizable.strings */ = {
			isa = PBXVariantGroup;
			children = (
				8EEC242B209148E200285A42 /* en */,
				8EEC242D209148E600285A42 /* pt-BR */,
			);
			name = Localizable.strings;
			sourceTree = "<group>";
		};
/* End PBXVariantGroup section */

/* Begin XCBuildConfiguration section */
		7753C9E2204E036900BCAF0D /* Debug */ = {
			isa = XCBuildConfiguration;
			buildSettings = {
				ALWAYS_SEARCH_USER_PATHS = NO;
				CLANG_ANALYZER_LOCALIZABILITY_NONLOCALIZED = YES;
				CLANG_ANALYZER_NONNULL = YES;
				CLANG_ANALYZER_NUMBER_OBJECT_CONVERSION = YES_AGGRESSIVE;
				CLANG_CXX_LANGUAGE_STANDARD = "gnu++14";
				CLANG_CXX_LIBRARY = "libc++";
				CLANG_ENABLE_MODULES = YES;
				CLANG_ENABLE_OBJC_ARC = YES;
				CLANG_WARN_BLOCK_CAPTURE_AUTORELEASING = YES;
				CLANG_WARN_BOOL_CONVERSION = YES;
				CLANG_WARN_COMMA = YES;
				CLANG_WARN_CONSTANT_CONVERSION = YES;
				CLANG_WARN_DIRECT_OBJC_ISA_USAGE = YES_ERROR;
				CLANG_WARN_DOCUMENTATION_COMMENTS = YES;
				CLANG_WARN_EMPTY_BODY = YES;
				CLANG_WARN_ENUM_CONVERSION = YES;
				CLANG_WARN_INFINITE_RECURSION = YES;
				CLANG_WARN_INT_CONVERSION = YES;
				CLANG_WARN_NON_LITERAL_NULL_CONVERSION = YES;
				CLANG_WARN_OBJC_LITERAL_CONVERSION = YES;
				CLANG_WARN_OBJC_ROOT_CLASS = YES_ERROR;
				CLANG_WARN_RANGE_LOOP_ANALYSIS = YES;
				CLANG_WARN_STRICT_PROTOTYPES = YES;
				CLANG_WARN_SUSPICIOUS_MOVE = YES;
				CLANG_WARN_UNGUARDED_AVAILABILITY = YES_AGGRESSIVE;
				CLANG_WARN_UNREACHABLE_CODE = YES;
				CLANG_WARN__DUPLICATE_METHOD_MATCH = YES;
				CODE_SIGN_IDENTITY = "iPhone Developer";
				COPY_PHASE_STRIP = NO;
				DEBUG_INFORMATION_FORMAT = dwarf;
				ENABLE_STRICT_OBJC_MSGSEND = YES;
				ENABLE_TESTABILITY = YES;
				GCC_C_LANGUAGE_STANDARD = gnu11;
				GCC_DYNAMIC_NO_PIC = NO;
				GCC_NO_COMMON_BLOCKS = YES;
				GCC_OPTIMIZATION_LEVEL = 0;
				GCC_PREPROCESSOR_DEFINITIONS = (
					"DEBUG=1",
					"$(inherited)",
				);
				GCC_WARN_64_TO_32_BIT_CONVERSION = YES;
				GCC_WARN_ABOUT_RETURN_TYPE = YES_ERROR;
				GCC_WARN_UNDECLARED_SELECTOR = YES;
				GCC_WARN_UNINITIALIZED_AUTOS = YES_AGGRESSIVE;
				GCC_WARN_UNUSED_FUNCTION = YES;
				GCC_WARN_UNUSED_VARIABLE = YES;
				IPHONEOS_DEPLOYMENT_TARGET = 11.2;
				MTL_ENABLE_DEBUG_INFO = YES;
				ONLY_ACTIVE_ARCH = YES;
				SDKROOT = iphoneos;
				SWIFT_ACTIVE_COMPILATION_CONDITIONS = DEBUG;
				SWIFT_OPTIMIZATION_LEVEL = "-Onone";
			};
			name = Debug;
		};
		7753C9E3204E036900BCAF0D /* Release */ = {
			isa = XCBuildConfiguration;
			buildSettings = {
				ALWAYS_SEARCH_USER_PATHS = NO;
				CLANG_ANALYZER_LOCALIZABILITY_NONLOCALIZED = YES;
				CLANG_ANALYZER_NONNULL = YES;
				CLANG_ANALYZER_NUMBER_OBJECT_CONVERSION = YES_AGGRESSIVE;
				CLANG_CXX_LANGUAGE_STANDARD = "gnu++14";
				CLANG_CXX_LIBRARY = "libc++";
				CLANG_ENABLE_MODULES = YES;
				CLANG_ENABLE_OBJC_ARC = YES;
				CLANG_WARN_BLOCK_CAPTURE_AUTORELEASING = YES;
				CLANG_WARN_BOOL_CONVERSION = YES;
				CLANG_WARN_COMMA = YES;
				CLANG_WARN_CONSTANT_CONVERSION = YES;
				CLANG_WARN_DIRECT_OBJC_ISA_USAGE = YES_ERROR;
				CLANG_WARN_DOCUMENTATION_COMMENTS = YES;
				CLANG_WARN_EMPTY_BODY = YES;
				CLANG_WARN_ENUM_CONVERSION = YES;
				CLANG_WARN_INFINITE_RECURSION = YES;
				CLANG_WARN_INT_CONVERSION = YES;
				CLANG_WARN_NON_LITERAL_NULL_CONVERSION = YES;
				CLANG_WARN_OBJC_LITERAL_CONVERSION = YES;
				CLANG_WARN_OBJC_ROOT_CLASS = YES_ERROR;
				CLANG_WARN_RANGE_LOOP_ANALYSIS = YES;
				CLANG_WARN_STRICT_PROTOTYPES = YES;
				CLANG_WARN_SUSPICIOUS_MOVE = YES;
				CLANG_WARN_UNGUARDED_AVAILABILITY = YES_AGGRESSIVE;
				CLANG_WARN_UNREACHABLE_CODE = YES;
				CLANG_WARN__DUPLICATE_METHOD_MATCH = YES;
				CODE_SIGN_IDENTITY = "iPhone Developer";
				COPY_PHASE_STRIP = NO;
				DEBUG_INFORMATION_FORMAT = "dwarf-with-dsym";
				ENABLE_NS_ASSERTIONS = NO;
				ENABLE_STRICT_OBJC_MSGSEND = YES;
				GCC_C_LANGUAGE_STANDARD = gnu11;
				GCC_NO_COMMON_BLOCKS = YES;
				GCC_WARN_64_TO_32_BIT_CONVERSION = YES;
				GCC_WARN_ABOUT_RETURN_TYPE = YES_ERROR;
				GCC_WARN_UNDECLARED_SELECTOR = YES;
				GCC_WARN_UNINITIALIZED_AUTOS = YES_AGGRESSIVE;
				GCC_WARN_UNUSED_FUNCTION = YES;
				GCC_WARN_UNUSED_VARIABLE = YES;
				IPHONEOS_DEPLOYMENT_TARGET = 11.2;
				MTL_ENABLE_DEBUG_INFO = NO;
				SDKROOT = iphoneos;
				SWIFT_OPTIMIZATION_LEVEL = "-Owholemodule";
				VALIDATE_PRODUCT = YES;
			};
			name = Release;
		};
		7753C9E5204E036900BCAF0D /* Debug */ = {
			isa = XCBuildConfiguration;
			buildSettings = {
				ASSETCATALOG_COMPILER_APPICON_NAME = AppIcon;
				CODE_SIGN_STYLE = Automatic;
				INFOPLIST_FILE = "Sample-Localization/Info.plist";
				LD_RUNPATH_SEARCH_PATHS = "$(inherited) @executable_path/Frameworks";
				PRODUCT_BUNDLE_IDENTIFIER = "com.test.Sample-Localization";
				PRODUCT_NAME = "$(TARGET_NAME)";
				SWIFT_VERSION = 4.0;
				TARGETED_DEVICE_FAMILY = "1,2";
			};
			name = Debug;
		};
		7753C9E6204E036900BCAF0D /* Release */ = {
			isa = XCBuildConfiguration;
			buildSettings = {
				ASSETCATALOG_COMPILER_APPICON_NAME = AppIcon;
				CODE_SIGN_STYLE = Automatic;
				INFOPLIST_FILE = "Sample-Localization/Info.plist";
				LD_RUNPATH_SEARCH_PATHS = "$(inherited) @executable_path/Frameworks";
				PRODUCT_BUNDLE_IDENTIFIER = "com.test.Sample-Localization";
				PRODUCT_NAME = "$(TARGET_NAME)";
				SWIFT_VERSION = 4.0;
				TARGETED_DEVICE_FAMILY = "1,2";
			};
			name = Release;
		};
/* End XCBuildConfiguration section */

/* Begin XCConfigurationList section */
		7753C9CD204E036900BCAF0D /* Build configuration list for PBXProject "Sample-Localization" */ = {
			isa = XCConfigurationList;
			buildConfigurations = (
				7753C9E2204E036900BCAF0D /* Debug */,
				7753C9E3204E036900BCAF0D /* Release */,
			);
			defaultConfigurationIsVisible = 0;
			defaultConfigurationName = Release;
		};
		7753C9E4204E036900BCAF0D /* Build configuration list for PBXNativeTarget "Sample-Localization" */ = {
			isa = XCConfigurationList;
			buildConfigurations = (
				7753C9E5204E036900BCAF0D /* Debug */,
				7753C9E6204E036900BCAF0D /* Release */,
			);
			defaultConfigurationIsVisible = 0;
			defaultConfigurationName = Release;
		};
/* End XCConfigurationList section */
	};
	rootObject = 7753C9CA204E036900BCAF0D /* Project object */;
}
